# This file is autogenerated, do not edit; changes may be undone by the next 'dep ensure'.


[[projects]]
  digest = "1:ffe9824d294da03b391f44e1ae8281281b4afc1bdaa9588c9097785e3af10cec"
  name = "github.com/davecgh/go-spew"
  packages = ["spew"]
  pruneopts = "UT"
  revision = "8991bc29aa16c548c550c7ff78260e27b9ab7c73"
  version = "v1.1.1"

[[projects]]
  branch = "master"
  digest = "1:022d2b67e55e099ae3b022de2f3ca0ea2c6a3ee1c2fee0f3bf3ccee94098d404"
  name = "github.com/go-ocf/go-coap"
  packages = ["."]
  pruneopts = "UT"
  revision = "5af7e00b373551c0ccc087eeb13870ba40909e79"

[[projects]]
  branch = "master"
  digest = "1:58109fded752bd54bce121c608d63eb6a2c842eeb8e5d95c8d18433af2fa3f88"
  name = "github.com/go-ocf/kit"
  packages = [
    "codec/cbor",
    "codec/coap",
    "net",
    "strings",
    "sync",
  ]
  pruneopts = "UT"
  revision = "f1021a248b809eac1fd387f6f89982d509cc793b"

[[projects]]
  digest = "1:808cdddf087fb64baeae67b8dfaee2069034d9704923a3cb8bd96a995421a625"
  name = "github.com/patrickmn/go-cache"
  packages = ["."]
  pruneopts = "UT"
  revision = "a3647f8e31d79543b2d0f0ae2fe5c379d72cedc0"
  version = "v2.1.0"

[[projects]]
  digest = "1:0028cb19b2e4c3112225cd871870f2d9cf49b9b4276531f03438a88e94be86fe"
  name = "github.com/pmezard/go-difflib"
  packages = ["difflib"]
  pruneopts = "UT"
  revision = "792786c7400a136282c1664665ae0a8db921c6c2"
  version = "v1.0.0"

[[projects]]
  digest = "1:5da8ce674952566deae4dbc23d07c85caafc6cfa815b0b3e03e41979cedb8750"
  name = "github.com/stretchr/testify"
  packages = [
    "assert",
    "require",
  ]
  pruneopts = "UT"
  revision = "ffdc059bfe9ce6a4e144ba849dbedead332c6053"
  version = "v1.3.0"

[[projects]]
  digest = "1:d0072748c62defde1ad99dde77f6ffce492a0e5aea9204077e497c7edfb86653"
  name = "github.com/ugorji/go"
  packages = ["codec"]
  pruneopts = "UT"
  revision = "2adff0894ba3bc2eeb9f9aea45fefd49802e1a13"
  version = "v1.1.4"

[[projects]]
  branch = "master"
  digest = "1:90ed1fcd8b34d2f6f0e3a2b3dfd40f7ef0f2ff12b66eac8bca9725f79ea84212"
  name = "golang.org/x/net"
  packages = [
    "bpf",
    "internal/iana",
    "internal/socket",
    "ipv4",
    "ipv6",
  ]
  pruneopts = "UT"
  revision = "f3200d17e092c607f615320ecaad13d87ad9a2b3"

[[projects]]
  branch = "master"
  digest = "1:107a534dfc1cd42e4f9fc48f335a9af498c99dd43118f925be74c153d1c9a7e2"
  name = "golang.org/x/sys"
  packages = [
    "unix",
    "windows",
  ]
  pruneopts = "UT"
  revision = "adf421d2caf4ffcf74142ff5fb9ee323b21a819e"

[solve-meta]
  analyzer-name = "dep"
  analyzer-version = 1
  input-imports = [
    "github.com/go-ocf/go-coap",
    "github.com/go-ocf/kit/codec/coap",
    "github.com/go-ocf/kit/net",
    "github.com/go-ocf/kit/strings",
    "github.com/go-ocf/kit/sync",
    "github.com/patrickmn/go-cache",
    "github.com/stretchr/testify/assert",
    "github.com/stretchr/testify/require",
  ]
  solver-name = "gps-cdcl"
  solver-version = 1
